{
  "meteor": {},
  "dependencies": {
    "basePackages": {
      "accounts-persona": {},
      "bootstrap-3": {},
      "iron-router": {},
      "collection2": {},
      "autoform": {},
      "moment": {},
      "roles": {}
    },
    "packages": {
      "accounts-persona": {
        "git": "https://github.com/vladikoff/meteor-accounts-persona.git",
        "tag": "v0.1.6",
        "commit": "5b8110dad901a69f674e6a0381e074567fe1b4d9"
      },
      "bootstrap-3": {
        "git": "https://github.com/mangasocial/meteor-bootstrap-3.git",
        "tag": "v0.3.5",
        "commit": "47996f67f3987c9f82117394effcbe1586a4fe29"
      },
      "iron-router": {
        "git": "https://github.com/EventedMind/iron-router.git",
        "tag": "v0.6.0",
        "commit": "c63e92d24c8210e2304ff5fed1b5c463394aeaf6"
      },
      "collection2": {
        "git": "https://github.com/aldeed/meteor-collection2.git",
        "tag": "v0.2.11",
        "commit": "34ea61718c8826dfa9236222cec6c097bd41ae6b"
      },
      "autoform": {
        "git": "https://github.com/aldeed/meteor-autoform.git",
        "tag": "v0.3.6",
        "commit": "2d6978587136d9943a3fd2f7b83f27fa8fec5916"
      },
      "moment": {
        "git": "https://github.com/acreeger/meteor-moment.git",
        "tag": "v2.2.1",
        "commit": "9ee12e714afe56b189f53076447b7b54f3012065"
      },
      "roles": {
        "git": "https://github.com/alanning/meteor-roles.git",
        "tag": "v1.0.6",
        "commit": "f81cbf7c765a4ed7e16a580c288db6f10a90856b"
      },
      "simple-schema": {
        "git": "https://github.com/aldeed/meteor-simple-schema.git",
        "tag": "v0.2.13",
        "commit": "fe7950ad64ebeadec9bc2e17fc7a335aae4bc7fc"
      }
    }
  }
}
